
Microsoft Visual Studio Solution File, Format Version 12.00
# Visual Studio Version 16
VisualStudioVersion = 16.0.29728.190
MinimumVisualStudioVersion = 10.0.40219.1
Project("{FAE04EC0-301F-11D3-BF4B-00C04F79EFBC}") = "KutyakProject", "KutyakProject\KutyakProject.csproj", "{9BE9DCC3-F5A9-4C41-8227-57D6959D53B4}"
EndProject
Global
	GlobalSection(SolutionConfigurationPlatforms) = preSolution
		Debug|Any CPU = Debug|Any CPU
		Release|Any CPU = Release|Any CPU
	EndGlobalSection
	GlobalSection(ProjectConfigurationPlatforms) = postSolution
		{9BE9DCC3-F5A9-4C41-8227-57D6959D53B4}.Debug|Any CPU.ActiveCfg = Debug|Any CPU
		{9BE9DCC3-F5A9-4C41-8227-57D6959D53B4}.Debug|Any CPU.Build.0 = Debug|Any CPU
		{9BE9DCC3-F5A9-4C41-8227-57D6959D53B4}.Release|Any CPU.ActiveCfg = Release|Any CPU
		{9BE9DCC3-F5A9-4C41-8227-57D6959D53B4}.Release|Any CPU.Build.0 = Release|Any CPU
	EndGlobalSection
	GlobalSection(SolutionProperties) = preSolution
		HideSolutionNode = FALSE
	EndGlobalSection
	GlobalSection(ExtensibilityGlobals) = postSolution
		SolutionGuid = {C1F41B8E-55E5-4A31-9B7E-15250BFCC5D5}
	EndGlobalSection
EndGlobal
